
Microsoft Visual Studio Solution File, Format Version 12.00
# Visual Studio Version 17
VisualStudioVersion = 17.0.31611.283
MinimumVisualStudioVersion = 10.0.40219.1
Project("{9A19103F-16F7-4668-BE54-9A1E7A4F7556}") = "PkMechScheduler.Frontend", "PkMechScheduler.Frontend\PkMechScheduler.Frontend.csproj", "{B3239B4C-2B9A-4D08-A749-76D60EF249CC}"
EndProject
Project("{9A19103F-16F7-4668-BE54-9A1E7A4F7556}") = "PkMechScheduler.Api", "PkMechScheduler.Api\PkMechScheduler.Api.csproj", "{147EB714-C3C9-42AD-9D04-A593505057C8}"
EndProject
Global
	GlobalSection(SolutionConfigurationPlatforms) = preSolution
		Debug|Any CPU = Debug|Any CPU
		Release|Any CPU = Release|Any CPU
	EndGlobalSection
	GlobalSection(ProjectConfigurationPlatforms) = postSolution
		{B3239B4C-2B9A-4D08-A749-76D60EF249CC}.Debug|Any CPU.ActiveCfg = Debug|Any CPU
		{B3239B4C-2B9A-4D08-A749-76D60EF249CC}.Debug|Any CPU.Build.0 = Debug|Any CPU
		{B3239B4C-2B9A-4D08-A749-76D60EF249CC}.Debug|Any CPU.Deploy.0 = Debug|Any CPU
		{B3239B4C-2B9A-4D08-A749-76D60EF249CC}.Release|Any CPU.ActiveCfg = Release|Any CPU
		{B3239B4C-2B9A-4D08-A749-76D60EF249CC}.Release|Any CPU.Build.0 = Release|Any CPU
		{B3239B4C-2B9A-4D08-A749-76D60EF249CC}.Release|Any CPU.Deploy.0 = Release|Any CPU
		{147EB714-C3C9-42AD-9D04-A593505057C8}.Debug|Any CPU.ActiveCfg = Debug|Any CPU
		{147EB714-C3C9-42AD-9D04-A593505057C8}.Debug|Any CPU.Build.0 = Debug|Any CPU
		{147EB714-C3C9-42AD-9D04-A593505057C8}.Release|Any CPU.ActiveCfg = Release|Any CPU
		{147EB714-C3C9-42AD-9D04-A593505057C8}.Release|Any CPU.Build.0 = Release|Any CPU
	EndGlobalSection
	GlobalSection(SolutionProperties) = preSolution
		HideSolutionNode = FALSE
	EndGlobalSection
	GlobalSection(ExtensibilityGlobals) = postSolution
		SolutionGuid = {61F7FB11-1E47-470C-91E2-47F8143E1572}
	EndGlobalSection
EndGlobal
